<?xml version="1.0" encoding="utf-8"?>
<Project ToolsVersion="4.0" xmlns="http://schemas.microsoft.com/developer/msbuild/2003">
  <ItemGroup>
    <ClCompile Include="..\..\..\Libraries\Test\TestSensor.cpp">
      <Filter>test</Filter>
    </ClCompile>
    <ClCompile Include="..\..\..\Libraries\Utilities\MessageBuffer.cpp">
      <Filter>src</Filter>
    </ClCompile>
    <ClCompile Include="..\..\..\Libraries\Utilities\TimerBucket.cpp">
      <Filter>src</Filter>
    </ClCompile>
    <ClCompile Include="..\..\..\Libraries\Utilities\TimerJob.cpp">
      <Filter>src</Filter>
    </ClCompile>
    <ClCompile Include="..\..\..\Libraries\Utilities\TimerVector.cpp">
      <Filter>src</Filter>
    </ClCompile>
  </ItemGroup>
  <ItemGroup>
    <ClInclude Include="Visual Micro\.TimerOneShotTest.vsarduino.h" />
    <ClInclude Include="..\..\..\Libraries\Test\TestSensor.h">
      <Filter>test</Filter>
    </ClInclude>
    <ClInclude Include="..\..\..\Libraries\Utilities\MessageBuffer.h">
      <Filter>src</Filter>
    </ClInclude>
    <ClInclude Include="..\..\..\Libraries\Utilities\TimerBucket.h">
      <Filter>src</Filter>
    </ClInclude>
    <ClInclude Include="..\..\..\Libraries\Utilities\TimerJob.h">
      <Filter>src</Filter>
    </ClInclude>
    <ClInclude Include="..\..\..\Libraries\Utilities\TimerVector.h">
      <Filter>src</Filter>
    </ClInclude>
  </ItemGroup>
  <ItemGroup>
    <None Include="TimerOneShotTest.ino" />
  </ItemGroup>
  <ItemGroup>
    <Filter Include="test">
      <UniqueIdentifier>{7621947d-fecb-41a4-96f4-e9c0180c21a8}</UniqueIdentifier>
    </Filter>
    <Filter Include="src">
      <UniqueIdentifier>{9b97c547-1be9-4c7d-8c01-9e841c7141cb}</UniqueIdentifier>
    </Filter>
  </ItemGroup>
</Project>