<?xml version="1.0" encoding="utf-8"?>
<Project ToolsVersion="4.0" xmlns="http://schemas.microsoft.com/developer/msbuild/2003">
  <ItemGroup>
    <Filter Include="Header Files">
      <UniqueIdentifier>{93995380-89BD-4b04-88EB-625FBE52EBFB}</UniqueIdentifier>
      <Extensions>h;hpp;hxx;hm;inl;inc;xsd</Extensions>
    </Filter>
    <Filter Include="Libraries">
      <UniqueIdentifier>{4FC737F1-C7A5-4376-A066-2A32D752A2FF}</UniqueIdentifier>
      <Extensions>cpp;c;cc;cxx;def;odl;idl;hpj;bat;asm;asmx</Extensions>
    </Filter>
    <Filter Include="Libraries\Encoders">
      <UniqueIdentifier>{92fd508b-420b-4dc9-8f2f-d0c443e1fcb5}</UniqueIdentifier>
    </Filter>
    <Filter Include="Libraries\HasTemperature">
      <UniqueIdentifier>{4c0e682c-0eae-45ca-95a0-541f14d53adc}</UniqueIdentifier>
    </Filter>
    <Filter Include="Libraries\Messaging">
      <UniqueIdentifier>{aa24f515-1ef4-44e0-aa18-fa6870db999e}</UniqueIdentifier>
    </Filter>
    <Filter Include="Libraries\MsTimer2">
      <UniqueIdentifier>{cfaccef1-9ad0-4535-8979-6085dcf563d7}</UniqueIdentifier>
    </Filter>
    <Filter Include="Libraries\NanoPb">
      <UniqueIdentifier>{17416196-41a4-416f-bcf2-0849cd293027}</UniqueIdentifier>
    </Filter>
    <Filter Include="Libraries\NanoPb\hasmessages">
      <UniqueIdentifier>{8aadf586-9410-45c2-afba-5b0aebee8aca}</UniqueIdentifier>
    </Filter>
    <Filter Include="Libraries\OneWire">
      <UniqueIdentifier>{e471bcd3-1cb5-4c05-80ec-1053238afada}</UniqueIdentifier>
    </Filter>
    <Filter Include="Libraries\Sensor">
      <UniqueIdentifier>{cfc158b3-b5bd-45a2-a5d2-3026c212a019}</UniqueIdentifier>
    </Filter>
    <Filter Include="Libraries\SensorType">
      <UniqueIdentifier>{8b5f6d02-dd29-4155-b0d5-ba41dfd2d6b2}</UniqueIdentifier>
    </Filter>
    <Filter Include="Libraries\Utilities">
      <UniqueIdentifier>{5f507b32-6b56-4bb1-98d0-543959767df5}</UniqueIdentifier>
    </Filter>
    <Filter Include="Libraries\TempControlLib">
      <UniqueIdentifier>{e488fe7e-8f70-437f-8706-720cf4a645c3}</UniqueIdentifier>
    </Filter>
  </ItemGroup>
  <ItemGroup>
    <None Include="MainLoad.ino" />
  </ItemGroup>
  <ItemGroup>
    <ClInclude Include="Visual Micro\.MainLoad.vsarduino.h">
      <Filter>Header Files</Filter>
    </ClInclude>
    <ClInclude Include="..\..\Libraries\Encoders\IEncoderFactory.h">
      <Filter>Libraries\Encoders</Filter>
    </ClInclude>
    <ClInclude Include="..\..\Libraries\Encoders\TemperatureEncoder.h">
      <Filter>Libraries\Encoders</Filter>
    </ClInclude>
    <ClInclude Include="..\..\Libraries\Encoders\ISensorEncoder.h">
      <Filter>Libraries\Encoders</Filter>
    </ClInclude>
    <ClInclude Include="..\..\Libraries\Encoders\NanoPbEncoderFactory.h">
      <Filter>Libraries\Encoders</Filter>
    </ClInclude>
    <ClInclude Include="..\..\Libraries\HasTemperature\ITemperatureSensor.h">
      <Filter>Libraries\HasTemperature</Filter>
    </ClInclude>
    <ClInclude Include="..\..\Libraries\HasTemperature\DS1820.h">
      <Filter>Libraries\HasTemperature</Filter>
    </ClInclude>
    <ClInclude Include="..\..\Libraries\Messaging\Parser.h">
      <Filter>Libraries\Messaging</Filter>
    </ClInclude>
    <ClInclude Include="..\..\Libraries\Messaging\IMessageRouter.h">
      <Filter>Libraries\Messaging</Filter>
    </ClInclude>
    <ClInclude Include="..\..\Libraries\Messaging\MessageRouter.h">
      <Filter>Libraries\Messaging</Filter>
    </ClInclude>
    <ClInclude Include="..\..\Libraries\MsTimer2\MsTimer2.h">
      <Filter>Libraries\MsTimer2</Filter>
    </ClInclude>
    <ClInclude Include="..\..\Libraries\NanoPB\pb_encode.h">
      <Filter>Libraries\NanoPb</Filter>
    </ClInclude>
    <ClInclude Include="..\..\Libraries\NanoPB\pb.h">
      <Filter>Libraries\NanoPb</Filter>
    </ClInclude>
    <ClInclude Include="..\..\Libraries\NanoPB\pb_decode.h">
      <Filter>Libraries\NanoPb</Filter>
    </ClInclude>
    <ClInclude Include="..\..\Libraries\NanoPB\hasmessages\TemperatureMessage.pb.h">
      <Filter>Libraries\NanoPb\hasmessages</Filter>
    </ClInclude>
    <ClInclude Include="..\..\Libraries\NanoPB\hasmessages\header.pb.h">
      <Filter>Libraries\NanoPb\hasmessages</Filter>
    </ClInclude>
    <ClInclude Include="..\..\Libraries\NanoPB\hasmessages\hasmessage.pb.h">
      <Filter>Libraries\NanoPb\hasmessages</Filter>
    </ClInclude>
    <ClInclude Include="..\..\Libraries\NanoPB\hasmessages\DiscoverMessage.pb.h">
      <Filter>Libraries\NanoPb\hasmessages</Filter>
    </ClInclude>
    <ClInclude Include="..\..\Libraries\OneWire\OneWire.h">
      <Filter>Libraries\OneWire</Filter>
    </ClInclude>
    <ClInclude Include="..\..\Libraries\Sensor\SensorFactory.h">
      <Filter>Libraries\Sensor</Filter>
    </ClInclude>
    <ClInclude Include="..\..\Libraries\Sensor\ISensor.h">
      <Filter>Libraries\Sensor</Filter>
    </ClInclude>
    <ClInclude Include="..\..\Libraries\Sensor\Sensor.h">
      <Filter>Libraries\Sensor</Filter>
    </ClInclude>
    <ClInclude Include="..\..\Libraries\SensorType\SensorType.h">
      <Filter>Libraries\SensorType</Filter>
    </ClInclude>
    <ClInclude Include="..\..\Libraries\TempControlLib\DallasTemperature.h">
      <Filter>Libraries\TempControlLib</Filter>
    </ClInclude>
    <ClInclude Include="..\..\Libraries\Utilities\TimerVector.h">
      <Filter>Libraries\Utilities</Filter>
    </ClInclude>
    <ClInclude Include="..\..\Libraries\Utilities\Guid.h">
      <Filter>Libraries\Utilities</Filter>
    </ClInclude>
    <ClInclude Include="..\..\Libraries\Utilities\MessageBuffer.h">
      <Filter>Libraries\Utilities</Filter>
    </ClInclude>
    <ClInclude Include="..\..\Libraries\Utilities\TimerBucket.h">
      <Filter>Libraries\Utilities</Filter>
    </ClInclude>
    <ClInclude Include="..\..\Libraries\Utilities\TimerJob.h">
      <Filter>Libraries\Utilities</Filter>
    </ClInclude>
  </ItemGroup>
  <ItemGroup>
    <ClCompile Include="..\..\Libraries\Encoders\NanoPbEncoderFactory.cpp">
      <Filter>Libraries\Encoders</Filter>
    </ClCompile>
    <ClCompile Include="..\..\Libraries\Encoders\TemperatureEncoder.cpp">
      <Filter>Libraries\Encoders</Filter>
    </ClCompile>
    <ClCompile Include="..\..\Libraries\HasTemperature\DS1820.cpp">
      <Filter>Libraries\HasTemperature</Filter>
    </ClCompile>
    <ClCompile Include="..\..\Libraries\Messaging\MessageRouter.cpp">
      <Filter>Libraries\Messaging</Filter>
    </ClCompile>
    <ClCompile Include="..\..\Libraries\Messaging\Parser.cpp">
      <Filter>Libraries\Messaging</Filter>
    </ClCompile>
    <ClCompile Include="..\..\Libraries\MsTimer2\MsTimer2.cpp">
      <Filter>Libraries\MsTimer2</Filter>
    </ClCompile>
    <ClCompile Include="..\..\Libraries\NanoPB\pb_decode.c">
      <Filter>Libraries\NanoPb</Filter>
    </ClCompile>
    <ClCompile Include="..\..\Libraries\NanoPB\pb_encode.c">
      <Filter>Libraries\NanoPb</Filter>
    </ClCompile>
    <ClCompile Include="..\..\Libraries\NanoPB\hasmessages\TemperatureMessage.pb.c">
      <Filter>Libraries\NanoPb\hasmessages</Filter>
    </ClCompile>
    <ClCompile Include="..\..\Libraries\NanoPB\hasmessages\header.pb.c">
      <Filter>Libraries\NanoPb\hasmessages</Filter>
    </ClCompile>
    <ClCompile Include="..\..\Libraries\NanoPB\hasmessages\hasmessage.pb.c">
      <Filter>Libraries\NanoPb\hasmessages</Filter>
    </ClCompile>
    <ClCompile Include="..\..\Libraries\NanoPB\hasmessages\DiscoverMessage.pb.c">
      <Filter>Libraries\NanoPb\hasmessages</Filter>
    </ClCompile>
    <ClCompile Include="..\..\Libraries\OneWire\OneWire.cpp">
      <Filter>Libraries\OneWire</Filter>
    </ClCompile>
    <ClCompile Include="..\..\Libraries\Sensor\Sensor.cpp">
      <Filter>Libraries\Sensor</Filter>
    </ClCompile>
    <ClCompile Include="..\..\Libraries\Sensor\SensorFactory.cpp">
      <Filter>Libraries\Sensor</Filter>
    </ClCompile>
    <ClCompile Include="..\..\Libraries\SensorType\SensorType.cpp">
      <Filter>Libraries\SensorType</Filter>
    </ClCompile>
    <ClCompile Include="..\..\Libraries\TempControlLib\DallasTemperature.cpp">
      <Filter>Libraries\TempControlLib</Filter>
    </ClCompile>
    <ClCompile Include="..\..\Libraries\Utilities\Guid.cpp">
      <Filter>Libraries\Utilities</Filter>
    </ClCompile>
    <ClCompile Include="..\..\Libraries\Utilities\MessageBuffer.cpp">
      <Filter>Libraries\Utilities</Filter>
    </ClCompile>
    <ClCompile Include="..\..\Libraries\Utilities\TimerBucket.cpp">
      <Filter>Libraries\Utilities</Filter>
    </ClCompile>
    <ClCompile Include="..\..\Libraries\Utilities\TimerJob.cpp">
      <Filter>Libraries\Utilities</Filter>
    </ClCompile>
    <ClCompile Include="..\..\Libraries\Utilities\TimerVector.cpp">
      <Filter>Libraries\Utilities</Filter>
    </ClCompile>
  </ItemGroup>
</Project>