<?xml version="1.0" encoding="utf-8"?>
<Project ToolsVersion="4.0" xmlns="http://schemas.microsoft.com/developer/msbuild/2003">
  <ItemGroup>
    <Filter Include="Source Files">
      <UniqueIdentifier>{4FC737F1-C7A5-4376-A066-2A32D752A2FF}</UniqueIdentifier>
      <Extensions>cpp;c;cc;cxx;def;odl;idl;hpj;bat;asm;asmx</Extensions>
    </Filter>
    <Filter Include="Source Files\Test Classes">
      <UniqueIdentifier>{69d7f4ac-b5d1-40bf-918f-e0c67a2ecf95}</UniqueIdentifier>
    </Filter>
    <Filter Include="%28Src%29">
      <UniqueIdentifier>{a0daa3e5-beb0-4634-861a-5c8d55490a05}</UniqueIdentifier>
    </Filter>
  </ItemGroup>
  <ItemGroup>
    <ClCompile Include="LinkedListTest.cpp">
      <Filter>Source Files</Filter>
    </ClCompile>
    <ClCompile Include="TemperatureParserTest.cpp">
      <Filter>Source Files</Filter>
    </ClCompile>
    <ClCompile Include="Test Classes\TestMessageRouter.cpp">
      <Filter>Source Files\Test Classes</Filter>
    </ClCompile>
    <ClCompile Include="Test Classes\TestListener.cpp">
      <Filter>Source Files\Test Classes</Filter>
    </ClCompile>
    <ClCompile Include="main.cpp">
      <Filter>Source Files</Filter>
    </ClCompile>
    <ClCompile Include="..\..\Messaging\Temperature\TemperatureParser.cpp">
      <Filter>%28Src%29</Filter>
    </ClCompile>
    <ClCompile Include="..\..\Messaging\Temperature\temperature.pb.c">
      <Filter>%28Src%29</Filter>
    </ClCompile>
    <ClCompile Include="..\..\Messaging\MessageRouter.cpp">
      <Filter>%28Src%29</Filter>
    </ClCompile>
    <ClCompile Include="MessageRoutingTests.cpp">
      <Filter>Source Files</Filter>
    </ClCompile>
    <ClCompile Include="Test Classes\TestSerial.cpp">
      <Filter>Source Files\Test Classes</Filter>
    </ClCompile>
    <ClCompile Include="Test Classes\TestParser.cpp">
      <Filter>Source Files\Test Classes</Filter>
    </ClCompile>
    <ClCompile Include="..\..\NanoPB\pb_common.c">
      <Filter>%28Src%29</Filter>
    </ClCompile>
    <ClCompile Include="..\..\NanoPB\pb_decode.c">
      <Filter>%28Src%29</Filter>
    </ClCompile>
    <ClCompile Include="..\..\NanoPB\pb_encode.c">
      <Filter>%28Src%29</Filter>
    </ClCompile>
    <ClCompile Include="..\..\Messaging\header.pb.c">
      <Filter>%28Src%29</Filter>
    </ClCompile>
  </ItemGroup>
  <ItemGroup>
    <ClInclude Include="Test Classes\TestMessageRouter.h">
      <Filter>Source Files\Test Classes</Filter>
    </ClInclude>
    <ClInclude Include="Test Classes\TestListener.h">
      <Filter>Source Files\Test Classes</Filter>
    </ClInclude>
    <ClInclude Include="..\..\Messaging\Temperature\TemperatureParser.h">
      <Filter>%28Src%29</Filter>
    </ClInclude>
    <ClInclude Include="..\..\Messaging\Temperature\ITemperatureListener.h">
      <Filter>%28Src%29</Filter>
    </ClInclude>
    <ClInclude Include="..\..\Messaging\Temperature\temperature.pb.h">
      <Filter>%28Src%29</Filter>
    </ClInclude>
    <ClInclude Include="..\..\Messaging\IMessageRouter.h">
      <Filter>%28Src%29</Filter>
    </ClInclude>
    <ClInclude Include="..\..\Messaging\IParser.h">
      <Filter>%28Src%29</Filter>
    </ClInclude>
    <ClInclude Include="..\..\Messaging\MessageRouter.h">
      <Filter>%28Src%29</Filter>
    </ClInclude>
    <ClInclude Include="..\..\Messaging\NanoPbCodec.h">
      <Filter>%28Src%29</Filter>
    </ClInclude>
    <ClInclude Include="..\..\Serial\ISerialConnection.h">
      <Filter>%28Src%29</Filter>
    </ClInclude>
    <ClInclude Include="Test Classes\TestSerial.h">
      <Filter>Source Files\Test Classes</Filter>
    </ClInclude>
    <ClInclude Include="Test Classes\TestParser.h">
      <Filter>Source Files\Test Classes</Filter>
    </ClInclude>
    <ClInclude Include="Test Classes\MessageFactory.h">
      <Filter>Source Files\Test Classes</Filter>
    </ClInclude>
    <ClInclude Include="..\..\NanoPB\pb.h">
      <Filter>%28Src%29</Filter>
    </ClInclude>
    <ClInclude Include="..\..\NanoPB\pb_common.h">
      <Filter>%28Src%29</Filter>
    </ClInclude>
    <ClInclude Include="..\..\NanoPB\pb_decode.h">
      <Filter>%28Src%29</Filter>
    </ClInclude>
    <ClInclude Include="..\..\NanoPB\pb_encode.h">
      <Filter>%28Src%29</Filter>
    </ClInclude>
    <ClInclude Include="..\..\Messaging\header.pb.h">
      <Filter>%28Src%29</Filter>
    </ClInclude>
  </ItemGroup>
</Project>