<?xml version="1.0" encoding="utf-8"?>
<Project ToolsVersion="4.0" xmlns="http://schemas.microsoft.com/developer/msbuild/2003">
  <ItemGroup>
    <ClInclude Include="..\..\..\Libraries\Test\TestSensor.h">
      <Filter>test</Filter>
    </ClInclude>
    <ClInclude Include="..\..\..\Libraries\Utilities\MessageBuffer.h">
      <Filter>src</Filter>
    </ClInclude>
    <ClInclude Include="Visual Micro\.MessageBufferTest.vsarduino.h" />
  </ItemGroup>
  <ItemGroup>
    <Filter Include="src">
      <UniqueIdentifier>{0d30282f-8f75-436d-92cc-de2fadfe9eb0}</UniqueIdentifier>
    </Filter>
    <Filter Include="test">
      <UniqueIdentifier>{8baa32d2-8ac0-4b85-aea5-a173a2e39cbe}</UniqueIdentifier>
    </Filter>
  </ItemGroup>
  <ItemGroup>
    <ClCompile Include="..\..\..\Libraries\Test\TestSensor.cpp">
      <Filter>test</Filter>
    </ClCompile>
    <ClCompile Include="..\..\..\Libraries\Utilities\MessageBuffer.cpp">
      <Filter>src</Filter>
    </ClCompile>
  </ItemGroup>
  <ItemGroup>
    <None Include="MessageBufferTest.ino" />
  </ItemGroup>
</Project>