<?xml version="1.0" encoding="utf-8"?>
<Project ToolsVersion="4.0" xmlns="http://schemas.microsoft.com/developer/msbuild/2003">
  <ItemGroup>
    <Filter Include="src">
      <UniqueIdentifier>{4FC737F1-C7A5-4376-A066-2A32D752A2FF}</UniqueIdentifier>
      <Extensions>cpp;c;cc;cxx;def;odl;idl;hpj;bat;asm;asmx</Extensions>
    </Filter>
    <Filter Include="test">
      <UniqueIdentifier>{1b043f63-8f31-49bd-8b14-3465d57dc0af}</UniqueIdentifier>
    </Filter>
    <Filter Include="src\proto">
      <UniqueIdentifier>{c84baab9-79d9-48e9-bacd-e39bd7008848}</UniqueIdentifier>
    </Filter>
  </ItemGroup>
  <ItemGroup>
    <ClCompile Include="..\..\..\Libraries\NanoPB\hasmessages\DiscoverMessage.pb.c">
      <Filter>src\proto</Filter>
    </ClCompile>
    <ClCompile Include="..\..\..\Libraries\NanoPB\hasmessages\header.pb.c">
      <Filter>src\proto</Filter>
    </ClCompile>
    <ClCompile Include="..\..\..\Libraries\NanoPB\hasmessages\TemperatureMessage.pb.c">
      <Filter>src\proto</Filter>
    </ClCompile>
    <ClCompile Include="..\..\..\Libraries\Messaging\MessageRouter.cpp">
      <Filter>src</Filter>
    </ClCompile>
    <ClCompile Include="..\..\..\Libraries\Utilities\Guid.cpp">
      <Filter>src</Filter>
    </ClCompile>
    <ClCompile Include="..\..\..\Libraries\Test\TestSensor.cpp">
      <Filter>test</Filter>
    </ClCompile>
    <ClCompile Include="main.cpp" />
    <ClCompile Include="..\..\..\Libraries\Serial\test\TestSerial.cpp">
      <Filter>src</Filter>
    </ClCompile>
    <ClCompile Include="..\..\..\Libraries\Messaging\MessagingConnection.cpp">
      <Filter>src</Filter>
    </ClCompile>
    <ClCompile Include="..\..\..\Libraries\Encoders\NanoPbCodec.cpp">
      <Filter>src</Filter>
    </ClCompile>
    <ClCompile Include="..\..\..\Libraries\Utilities\MessageBuilder.cpp">
      <Filter>src</Filter>
    </ClCompile>
    <ClCompile Include="..\..\..\Libraries\NanoPB\pb_decode.c">
      <Filter>src</Filter>
    </ClCompile>
    <ClCompile Include="..\..\..\Libraries\NanoPB\pb_encode.c">
      <Filter>src</Filter>
    </ClCompile>
    <ClCompile Include="..\..\..\Libraries\Test\TestTemperatureSensor.cpp">
      <Filter>test</Filter>
    </ClCompile>
    <ClCompile Include="MessageRouterTests.cpp" />
    <ClCompile Include="MessagingConnectionTests.cpp" />
    <ClCompile Include="..\..\..\Libraries\Test\TestMessageRouter.cpp">
      <Filter>test</Filter>
    </ClCompile>
  </ItemGroup>
  <ItemGroup>
    <ClInclude Include="..\..\..\Libraries\NanoPB\hasmessages\TemperatureMessage.pb.h">
      <Filter>src\proto</Filter>
    </ClInclude>
    <ClInclude Include="..\..\..\Libraries\NanoPB\hasmessages\DiscoverMessage.pb.h">
      <Filter>src\proto</Filter>
    </ClInclude>
    <ClInclude Include="..\..\..\Libraries\NanoPB\hasmessages\header.pb.h">
      <Filter>src\proto</Filter>
    </ClInclude>
    <ClInclude Include="..\..\..\Libraries\Messaging\IMessageRouter.h">
      <Filter>src</Filter>
    </ClInclude>
    <ClInclude Include="..\..\..\Libraries\Messaging\MessageRouter.h">
      <Filter>src</Filter>
    </ClInclude>
    <ClInclude Include="..\..\..\Libraries\Sensor\ISensor.h">
      <Filter>src</Filter>
    </ClInclude>
    <ClInclude Include="..\..\..\Libraries\Utilities\Guid.h">
      <Filter>src</Filter>
    </ClInclude>
    <ClInclude Include="..\..\..\Libraries\Test\TestSensor.h">
      <Filter>test</Filter>
    </ClInclude>
    <ClInclude Include="..\..\..\Libraries\NanoPB\backupStdBool.h">
      <Filter>src</Filter>
    </ClInclude>
    <ClInclude Include="..\..\..\Libraries\NanoPB\pb.h">
      <Filter>src</Filter>
    </ClInclude>
    <ClInclude Include="..\..\..\Libraries\Serial\ISerialConnection.h">
      <Filter>src</Filter>
    </ClInclude>
    <ClInclude Include="..\..\..\Libraries\Serial\test\TestSerial.h">
      <Filter>src</Filter>
    </ClInclude>
    <ClInclude Include="..\..\..\Libraries\Messaging\MessagingConnection.h">
      <Filter>src</Filter>
    </ClInclude>
    <ClInclude Include="..\..\..\Libraries\Sensor\MessageProcessor.h">
      <Filter>src</Filter>
    </ClInclude>
    <ClInclude Include="..\..\..\Libraries\Sensor\SensorForward.h">
      <Filter>src</Filter>
    </ClInclude>
    <ClInclude Include="..\..\..\Libraries\NanoPB\MessageTypeTranslator.h">
      <Filter>src</Filter>
    </ClInclude>
    <ClInclude Include="..\..\..\Libraries\Messaging\MessagingConnectionForward.h">
      <Filter>src</Filter>
    </ClInclude>
    <ClInclude Include="..\..\..\Libraries\Encoders\NanoPbCodec.h">
      <Filter>src</Filter>
    </ClInclude>
    <ClInclude Include="..\..\..\Libraries\Utilities\MessageBuilder.h">
      <Filter>src</Filter>
    </ClInclude>
    <ClInclude Include="..\..\..\Libraries\NanoPB\pb_decode.h" />
    <ClInclude Include="..\..\..\Libraries\NanoPB\pb_encode.h" />
    <ClInclude Include="..\..\..\Libraries\Test\TestTemperatureSensor.h">
      <Filter>test</Filter>
    </ClInclude>
    <ClInclude Include="..\..\..\Libraries\Test\TestMessageRouter.h">
      <Filter>test</Filter>
    </ClInclude>
  </ItemGroup>
</Project>