
Microsoft Visual Studio Solution File, Format Version 11.00
# Visual Studio 2010
Project("{8BC9CEB8-8B4A-11D0-8D11-00A0C91BC942}") = "TimerBucketTest", "TimerBucketTest\TimerBucketTest.vcxproj", "{93331559-7B36-4600-A6BC-45DB2940CEB6}"
EndProject
Project("{8BC9CEB8-8B4A-11D0-8D11-00A0C91BC942}") = "TimerOneShotTest", "TimerOneshotTest\TimerOneShotTest.vcxproj", "{35FFE111-EBB1-4B3B-9D65-D9491DE7FAAF}"
EndProject
Project("{8BC9CEB8-8B4A-11D0-8D11-00A0C91BC942}") = "MessageRouterTest", "MessageRouterTest\MessageRouterTest.vcxproj", "{F2A4E60F-B13F-402F-A020-CF2854763EB9}"
EndProject
Project("{8BC9CEB8-8B4A-11D0-8D11-00A0C91BC942}") = "MessageBufferTest", "MessageBufferTest\MessageBufferTest.vcxproj", "{EA146E5A-3BBD-4615-8DA8-4ACD02181A40}"
EndProject
Project("{8BC9CEB8-8B4A-11D0-8D11-00A0C91BC942}") = "DS1820Test", "DS1820Test\DS1820Test.vcxproj", "{AEE9B5C9-B84D-442B-B35E-C034BDB6D223}"
EndProject
Global
	GlobalSection(SolutionConfigurationPlatforms) = preSolution
		Debug|Win32 = Debug|Win32
		Release|Win32 = Release|Win32
	EndGlobalSection
	GlobalSection(ProjectConfigurationPlatforms) = postSolution
		{93331559-7B36-4600-A6BC-45DB2940CEB6}.Debug|Win32.ActiveCfg = Debug|Win32
		{93331559-7B36-4600-A6BC-45DB2940CEB6}.Debug|Win32.Build.0 = Debug|Win32
		{93331559-7B36-4600-A6BC-45DB2940CEB6}.Release|Win32.ActiveCfg = Release|Win32
		{93331559-7B36-4600-A6BC-45DB2940CEB6}.Release|Win32.Build.0 = Release|Win32
		{35FFE111-EBB1-4B3B-9D65-D9491DE7FAAF}.Debug|Win32.ActiveCfg = Debug|Win32
		{35FFE111-EBB1-4B3B-9D65-D9491DE7FAAF}.Debug|Win32.Build.0 = Debug|Win32
		{35FFE111-EBB1-4B3B-9D65-D9491DE7FAAF}.Release|Win32.ActiveCfg = Release|Win32
		{35FFE111-EBB1-4B3B-9D65-D9491DE7FAAF}.Release|Win32.Build.0 = Release|Win32
		{F2A4E60F-B13F-402F-A020-CF2854763EB9}.Debug|Win32.ActiveCfg = Debug|Win32
		{F2A4E60F-B13F-402F-A020-CF2854763EB9}.Debug|Win32.Build.0 = Debug|Win32
		{F2A4E60F-B13F-402F-A020-CF2854763EB9}.Release|Win32.ActiveCfg = Release|Win32
		{F2A4E60F-B13F-402F-A020-CF2854763EB9}.Release|Win32.Build.0 = Release|Win32
		{EA146E5A-3BBD-4615-8DA8-4ACD02181A40}.Debug|Win32.ActiveCfg = Debug|Win32
		{EA146E5A-3BBD-4615-8DA8-4ACD02181A40}.Debug|Win32.Build.0 = Debug|Win32
		{EA146E5A-3BBD-4615-8DA8-4ACD02181A40}.Release|Win32.ActiveCfg = Release|Win32
		{EA146E5A-3BBD-4615-8DA8-4ACD02181A40}.Release|Win32.Build.0 = Release|Win32
		{AEE9B5C9-B84D-442B-B35E-C034BDB6D223}.Debug|Win32.ActiveCfg = Debug|Win32
		{AEE9B5C9-B84D-442B-B35E-C034BDB6D223}.Debug|Win32.Build.0 = Debug|Win32
		{AEE9B5C9-B84D-442B-B35E-C034BDB6D223}.Release|Win32.ActiveCfg = Release|Win32
		{AEE9B5C9-B84D-442B-B35E-C034BDB6D223}.Release|Win32.Build.0 = Release|Win32
	EndGlobalSection
	GlobalSection(SolutionProperties) = preSolution
		HideSolutionNode = FALSE
	EndGlobalSection
EndGlobal
